
Microsoft Visual Studio Solution File, Format Version 12.00
# Visual Studio Version 17
VisualStudioVersion = 17.5.002.0
MinimumVisualStudioVersion = 10.0.40219.1
Project("{9A19103F-16F7-4668-BE54-9A1E7A4F7556}") = "trilha-net-azure-desafio", "trilha-net-azure-desafio.csproj", "{C6E46862-FF12-499B-9714-8E8D69EB3E5A}"
EndProject
Global
	GlobalSection(SolutionConfigurationPlatforms) = preSolution
		Debug|Any CPU = Debug|Any CPU
		Release|Any CPU = Release|Any CPU
	EndGlobalSection
	GlobalSection(ProjectConfigurationPlatforms) = postSolution
		{C6E46862-FF12-499B-9714-8E8D69EB3E5A}.Debug|Any CPU.ActiveCfg = Debug|Any CPU
		{C6E46862-FF12-499B-9714-8E8D69EB3E5A}.Debug|Any CPU.Build.0 = Debug|Any CPU
		{C6E46862-FF12-499B-9714-8E8D69EB3E5A}.Release|Any CPU.ActiveCfg = Release|Any CPU
		{C6E46862-FF12-499B-9714-8E8D69EB3E5A}.Release|Any CPU.Build.0 = Release|Any CPU
	EndGlobalSection
	GlobalSection(SolutionProperties) = preSolution
		HideSolutionNode = FALSE
	EndGlobalSection
	GlobalSection(ExtensibilityGlobals) = postSolution
		SolutionGuid = {6031C3F7-37BB-4E23-A8D3-B74924F82FC2}
	EndGlobalSection
EndGlobal
